// !$*UTF8*$!
{
	archiveVersion = 1;
	classes = {
	};
	objectVersion = 46;
	objects = {

/* Begin PBXBuildFile section */
		585A26BC1CDD19B8002945C5 /* main.m in Sources */ = {isa = PBXBuildFile; fileRef = 585A26BB1CDD19B8002945C5 /* main.m */; };
		585A26C41CDD1BF3002945C5 /* NSString+PigLatin.m in Sources */ = {isa = PBXBuildFile; fileRef = 585A26C31CDD1BF3002945C5 /* NSString+PigLatin.m */; };
/* End PBXBuildFile section */

/* Begin PBXCopyFilesBuildPhase section */
		585A26B61CDD19B8002945C5 /* CopyFiles */ = {
			isa = PBXCopyFilesBuildPhase;
			buildActionMask = 2147483647;
			dstPath = /usr/share/man/man1/;
			dstSubfolderSpec = 0;
			files = (
			);
			runOnlyForDeploymentPostprocessing = 1;
		};
/* End PBXCopyFilesBuildPhase section */

/* Begin PBXFileReference section */
		585A26B81CDD19B8002945C5 /* Pig Latin */ = {isa = PBXFileReference; explicitFileType = "compiled.mach-o.executable"; includeInIndex = 0; path = "Pig Latin"; sourceTree = BUILT_PRODUCTS_DIR; };
		585A26BB1CDD19B8002945C5 /* main.m */ = {isa = PBXFileReference; lastKnownFileType = sourcecode.c.objc; path = main.m; sourceTree = "<group>"; };
		585A26C21CDD1BF3002945C5 /* NSString+PigLatin.h */ = {isa = PBXFileReference; fileEncoding = 4; lastKnownFileType = sourcecode.c.h; path = "NSString+PigLatin.h"; sourceTree = "<group>"; };
		585A26C31CDD1BF3002945C5 /* NSString+PigLatin.m */ = {isa = PBXFileReference; fileEncoding = 4; lastKnownFileType = sourcecode.c.objc; path = "NSString+PigLatin.m"; sourceTree = "<group>"; };
/* End PBXFileReference section */

/* Begin PBXFrameworksBuildPhase section */
		585A26B51CDD19B8002945C5 /* Frameworks */ = {
			isa = PBXFrameworksBuildPhase;
			buildActionMask = 2147483647;
			files = (
			);
			runOnlyForDeploymentPostprocessing = 0;
		};
/* End PBXFrameworksBuildPhase section */

/* Begin PBXGroup section */
		585A26AF1CDD19B8002945C5 = {
			isa = PBXGroup;
			children = (
				585A26BA1CDD19B8002945C5 /* Pig Latin */,
				585A26B91CDD19B8002945C5 /* Products */,
			);
			sourceTree = "<group>";
		};
		585A26B91CDD19B8002945C5 /* Products */ = {
			isa = PBXGroup;
			children = (
				585A26B81CDD19B8002945C5 /* Pig Latin */,
			);
			name = Products;
			sourceTree = "<group>";
		};
		585A26BA1CDD19B8002945C5 /* Pig Latin */ = {
			isa = PBXGroup;
			children = (
				585A26BB1CDD19B8002945C5 /* main.m */,
				585A26C21CDD1BF3002945C5 /* NSString+PigLatin.h */,
				585A26C31CDD1BF3002945C5 /* NSString+PigLatin.m */,
			);
			path = "Pig Latin";
			sourceTree = "<group>";
		};
/* End PBXGroup section */

/* Begin PBXNativeTarget section */
		585A26B71CDD19B8002945C5 /* Pig Latin */ = {
			isa = PBXNativeTarget;
			buildConfigurationList = 585A26BF1CDD19B8002945C5 /* Build configuration list for PBXNativeTarget "Pig Latin" */;
			buildPhases = (
				585A26B41CDD19B8002945C5 /* Sources */,
				585A26B51CDD19B8002945C5 /* Frameworks */,
				585A26B61CDD19B8002945C5 /* CopyFiles */,
			);
			buildRules = (
			);
			dependencies = (
			);
			name = "Pig Latin";
			productName = "Pig Latin";
			productReference = 585A26B81CDD19B8002945C5 /* Pig Latin */;
			productType = "com.apple.product-type.tool";
		};
/* End PBXNativeTarget section */

/* Begin PBXProject section */
		585A26B01CDD19B8002945C5 /* Project object */ = {
			isa = PBXProject;
			attributes = {
				LastUpgradeCheck = 0730;
				ORGANIZATIONNAME = "Zach Smoroden";
				TargetAttributes = {
					585A26B71CDD19B8002945C5 = {
						CreatedOnToolsVersion = 7.3;
					};
				};
			};
			buildConfigurationList = 585A26B31CDD19B8002945C5 /* Build configuration list for PBXProject "Pig Latin" */;
			compatibilityVersion = "Xcode 3.2";
			developmentRegion = English;
			hasScannedForEncodings = 0;
			knownRegions = (
				en,
			);
			mainGroup = 585A26AF1CDD19B8002945C5;
			productRefGroup = 585A26B91CDD19B8002945C5 /* Products */;
			projectDirPath = "";
			projectRoot = "";
			targets = (
				585A26B71CDD19B8002945C5 /* Pig Latin */,
			);
		};
/* End PBXProject section */

/* Begin PBXSourcesBuildPhase section */
		585A26B41CDD19B8002945C5 /* Sources */ = {
			isa = PBXSourcesBuildPhase;
			buildActionMask = 2147483647;
			files = (
				585A26BC1CDD19B8002945C5 /* main.m in Sources */,
				585A26C41CDD1BF3002945C5 /* NSString+PigLatin.m in Sources */,
			);
			runOnlyForDeploymentPostprocessing = 0;
		};
/* End PBXSourcesBuildPhase section */

/* Begin XCBuildConfiguration section */
		585A26BD1CDD19B8002945C5 /* Debug */ = {
			isa = XCBuildConfiguration;
			buildSettings = {
				ALWAYS_SEARCH_USER_PATHS = NO;
				CLANG_ANALYZER_NONNULL = YES;
				CLANG_CXX_LANGUAGE_STANDARD = "gnu++0x";
				CLANG_CXX_LIBRARY = "libc++";
				CLANG_ENABLE_MODULES = YES;
				CLANG_ENABLE_OBJC_ARC = YES;
				CLANG_WARN_BOOL_CONVERSION = YES;
				CLANG_WARN_CONSTANT_CONVERSION = YES;
				CLANG_WARN_DIRECT_OBJC_ISA_USAGE = YES_ERROR;
				CLANG_WARN_EMPTY_BODY = YES;
				CLANG_WARN_ENUM_CONVERSION = YES;
				CLANG_WARN_INT_CONVERSION = YES;
				CLANG_WARN_OBJC_ROOT_CLASS = YES_ERROR;
				CLANG_WARN_UNREACHABLE_CODE = YES;
				CLANG_WARN__DUPLICATE_METHOD_MATCH = YES;
				CODE_SIGN_IDENTITY = "-";
				COPY_PHASE_STRIP = NO;
				DEBUG_INFORMATION_FORMAT = dwarf;
				ENABLE_STRICT_OBJC_MSGSEND = YES;
				ENABLE_TESTABILITY = YES;
				GCC_C_LANGUAGE_STANDARD = gnu99;
				GCC_DYNAMIC_NO_PIC = NO;
				GCC_NO_COMMON_BLOCKS = YES;
				GCC_OPTIMIZATION_LEVEL = 0;
				GCC_PREPROCESSOR_DEFINITIONS = (
					"DEBUG=1",
					"$(inherited)",
				);
				GCC_WARN_64_TO_32_BIT_CONVERSION = YES;
				GCC_WARN_ABOUT_RETURN_TYPE = YES_ERROR;
				GCC_WARN_UNDECLARED_SELECTOR = YES;
				GCC_WARN_UNINITIALIZED_AUTOS = YES_AGGRESSIVE;
				GCC_WARN_UNUSED_FUNCTION = YES;
				GCC_WARN_UNUSED_VARIABLE = YES;
				MACOSX_DEPLOYMENT_TARGET = 10.11;
				MTL_ENABLE_DEBUG_INFO = YES;
				ONLY_ACTIVE_ARCH = YES;
				SDKROOT = macosx;
			};
			name = Debug;
		};
		585A26BE1CDD19B8002945C5 /* Release */ = {
			isa = XCBuildConfiguration;
			buildSettings = {
				ALWAYS_SEARCH_USER_PATHS = NO;
				CLANG_ANALYZER_NONNULL = YES;
				CLANG_CXX_LANGUAGE_STANDARD = "gnu++0x";
				CLANG_CXX_LIBRARY = "libc++";
				CLANG_ENABLE_MODULES = YES;
				CLANG_ENABLE_OBJC_ARC = YES;
				CLANG_WARN_BOOL_CONVERSION = YES;
				CLANG_WARN_CONSTANT_CONVERSION = YES;
				CLANG_WARN_DIRECT_OBJC_ISA_USAGE = YES_ERROR;
				CLANG_WARN_EMPTY_BODY = YES;
				CLANG_WARN_ENUM_CONVERSION = YES;
				CLANG_WARN_INT_CONVERSION = YES;
				CLANG_WARN_OBJC_ROOT_CLASS = YES_ERROR;
				CLANG_WARN_UNREACHABLE_CODE = YES;
				CLANG_WARN__DUPLICATE_METHOD_MATCH = YES;
				CODE_SIGN_IDENTITY = "-";
				COPY_PHASE_STRIP = NO;
				DEBUG_INFORMATION_FORMAT = "dwarf-with-dsym";
				ENABLE_NS_ASSERTIONS = NO;
				ENABLE_STRICT_OBJC_MSGSEND = YES;
				GCC_C_LANGUAGE_STANDARD = gnu99;
				GCC_NO_COMMON_BLOCKS = YES;
				GCC_WARN_64_TO_32_BIT_CONVERSION = YES;
				GCC_WARN_ABOUT_RETURN_TYPE = YES_ERROR;
				GCC_WARN_UNDECLARED_SELECTOR = YES;
				GCC_WARN_UNINITIALIZED_AUTOS = YES_AGGRESSIVE;
				GCC_WARN_UNUSED_FUNCTION = YES;
				GCC_WARN_UNUSED_VARIABLE = YES;
				MACOSX_DEPLOYMENT_TARGET = 10.11;
				MTL_ENABLE_DEBUG_INFO = NO;
				SDKROOT = macosx;
			};
			name = Release;
		};
		585A26C01CDD19B8002945C5 /* Debug */ = {
			isa = XCBuildConfiguration;
			buildSettings = {
				PRODUCT_NAME = "$(TARGET_NAME)";
			};
			name = Debug;
		};
		585A26C11CDD19B8002945C5 /* Release */ = {
			isa = XCBuildConfiguration;
			buildSettings = {
				PRODUCT_NAME = "$(TARGET_NAME)";
			};
			name = Release;
		};
/* End XCBuildConfiguration section */

/* Begin XCConfigurationList section */
		585A26B31CDD19B8002945C5 /* Build configuration list for PBXProject "Pig Latin" */ = {
			isa = XCConfigurationList;
			buildConfigurations = (
				585A26BD1CDD19B8002945C5 /* Debug */,
				585A26BE1CDD19B8002945C5 /* Release */,
			);
			defaultConfigurationIsVisible = 0;
			defaultConfigurationName = Release;
		};
		585A26BF1CDD19B8002945C5 /* Build configuration list for PBXNativeTarget "Pig Latin" */ = {
			isa = XCConfigurationList;
			buildConfigurations = (
				585A26C01CDD19B8002945C5 /* Debug */,
				585A26C11CDD19B8002945C5 /* Release */,
			);
			defaultConfigurationIsVisible = 0;
		};
/* End XCConfigurationList section */
	};
	rootObject = 585A26B01CDD19B8002945C5 /* Project object */;
}
